
Microsoft Visual Studio Solution File, Format Version 12.00
# Visual Studio Version 17
VisualStudioVersion = 17.11.35303.130
MinimumVisualStudioVersion = 10.0.40219.1
Project("{FAE04EC0-301F-11D3-BF4B-00C04F79EFBC}") = "AdminLogin", "AdminLogin\AdminLogin.csproj", "{9AAEADE6-C408-4D88-8211-897B47BAE368}"
EndProject
Global
	GlobalSection(SolutionConfigurationPlatforms) = preSolution
		Debug|Any CPU = Debug|Any CPU
		Release|Any CPU = Release|Any CPU
	EndGlobalSection
	GlobalSection(ProjectConfigurationPlatforms) = postSolution
		{9AAEADE6-C408-4D88-8211-897B47BAE368}.Debug|Any CPU.ActiveCfg = Debug|Any CPU
		{9AAEADE6-C408-4D88-8211-897B47BAE368}.Debug|Any CPU.Build.0 = Debug|Any CPU
		{9AAEADE6-C408-4D88-8211-897B47BAE368}.Release|Any CPU.ActiveCfg = Release|Any CPU
		{9AAEADE6-C408-4D88-8211-897B47BAE368}.Release|Any CPU.Build.0 = Release|Any CPU
	EndGlobalSection
	GlobalSection(SolutionProperties) = preSolution
		HideSolutionNode = FALSE
	EndGlobalSection
	GlobalSection(ExtensibilityGlobals) = postSolution
		SolutionGuid = {64CE30CC-512A-4A3E-9D1E-AFE59EF5D4D3}
	EndGlobalSection
EndGlobal
